// !$*UTF8*$!
{
	archiveVersion = 1;
	classes = {
	};
	objectVersion = 46;
	objects = {

/* Begin PBXBuildFile section */
		84F19C651AB13F2700C26B2E /* main.m in Sources */ = {isa = PBXBuildFile; fileRef = 84F19C641AB13F2700C26B2E /* main.m */; };
		84F19C681AB13F2700C26B2E /* AppDelegate.m in Sources */ = {isa = PBXBuildFile; fileRef = 84F19C671AB13F2700C26B2E /* AppDelegate.m */; };
		84F19C6B1AB13F2700C26B2E /* PushDeom.xcdatamodeld in Sources */ = {isa = PBXBuildFile; fileRef = 84F19C691AB13F2700C26B2E /* PushDeom.xcdatamodeld */; };
		84F19C6E1AB13F2700C26B2E /* ViewController.m in Sources */ = {isa = PBXBuildFile; fileRef = 84F19C6D1AB13F2700C26B2E /* ViewController.m */; };
		84F19C701AB13F2700C26B2E /* Images.xcassets in Resources */ = {isa = PBXBuildFile; fileRef = 84F19C6F1AB13F2700C26B2E /* Images.xcassets */; };
		84F19C731AB13F2700C26B2E /* LaunchScreen.xib in Resources */ = {isa = PBXBuildFile; fileRef = 84F19C711AB13F2700C26B2E /* LaunchScreen.xib */; };
		84F19C7F1AB13F2700C26B2E /* PushDeomTests.m in Sources */ = {isa = PBXBuildFile; fileRef = 84F19C7E1AB13F2700C26B2E /* PushDeomTests.m */; };
/* End PBXBuildFile section */

/* Begin PBXContainerItemProxy section */
		84F19C791AB13F2700C26B2E /* PBXContainerItemProxy */ = {
			isa = PBXContainerItemProxy;
			containerPortal = 84F19C571AB13F2700C26B2E /* Project object */;
			proxyType = 1;
			remoteGlobalIDString = 84F19C5E1AB13F2700C26B2E;
			remoteInfo = PushDeom;
		};
/* End PBXContainerItemProxy section */

/* Begin PBXFileReference section */
		84F19C5F1AB13F2700C26B2E /* PushDeom.app */ = {isa = PBXFileReference; explicitFileType = wrapper.application; includeInIndex = 0; path = PushDeom.app; sourceTree = BUILT_PRODUCTS_DIR; };
		84F19C631AB13F2700C26B2E /* Info.plist */ = {isa = PBXFileReference; lastKnownFileType = text.plist.xml; path = Info.plist; sourceTree = "<group>"; };
		84F19C641AB13F2700C26B2E /* main.m */ = {isa = PBXFileReference; lastKnownFileType = sourcecode.c.objc; path = main.m; sourceTree = "<group>"; };
		84F19C661AB13F2700C26B2E /* AppDelegate.h */ = {isa = PBXFileReference; lastKnownFileType = sourcecode.c.h; path = AppDelegate.h; sourceTree = "<group>"; };
		84F19C671AB13F2700C26B2E /* AppDelegate.m */ = {isa = PBXFileReference; lastKnownFileType = sourcecode.c.objc; path = AppDelegate.m; sourceTree = "<group>"; };
		84F19C6A1AB13F2700C26B2E /* PushDeom.xcdatamodel */ = {isa = PBXFileReference; lastKnownFileType = wrapper.xcdatamodel; path = PushDeom.xcdatamodel; sourceTree = "<group>"; };
		84F19C6C1AB13F2700C26B2E /* ViewController.h */ = {isa = PBXFileReference; lastKnownFileType = sourcecode.c.h; path = ViewController.h; sourceTree = "<group>"; };
		84F19C6D1AB13F2700C26B2E /* ViewController.m */ = {isa = PBXFileReference; lastKnownFileType = sourcecode.c.objc; path = ViewController.m; sourceTree = "<group>"; };
		84F19C6F1AB13F2700C26B2E /* Images.xcassets */ = {isa = PBXFileReference; lastKnownFileType = folder.assetcatalog; path = Images.xcassets; sourceTree = "<group>"; };
		84F19C721AB13F2700C26B2E /* Base */ = {isa = PBXFileReference; lastKnownFileType = file.xib; name = Base; path = Base.lproj/LaunchScreen.xib; sourceTree = "<group>"; };
		84F19C781AB13F2700C26B2E /* PushDeomTests.xctest */ = {isa = PBXFileReference; explicitFileType = wrapper.cfbundle; includeInIndex = 0; path = PushDeomTests.xctest; sourceTree = BUILT_PRODUCTS_DIR; };
		84F19C7D1AB13F2700C26B2E /* Info.plist */ = {isa = PBXFileReference; lastKnownFileType = text.plist.xml; path = Info.plist; sourceTree = "<group>"; };
		84F19C7E1AB13F2700C26B2E /* PushDeomTests.m */ = {isa = PBXFileReference; lastKnownFileType = sourcecode.c.objc; path = PushDeomTests.m; sourceTree = "<group>"; };
/* End PBXFileReference section */

/* Begin PBXFrameworksBuildPhase section */
		84F19C5C1AB13F2700C26B2E /* Frameworks */ = {
			isa = PBXFrameworksBuildPhase;
			buildActionMask = 2147483647;
			files = (
			);
			runOnlyForDeploymentPostprocessing = 0;
		};
		84F19C751AB13F2700C26B2E /* Frameworks */ = {
			isa = PBXFrameworksBuildPhase;
			buildActionMask = 2147483647;
			files = (
			);
			runOnlyForDeploymentPostprocessing = 0;
		};
/* End PBXFrameworksBuildPhase section */

/* Begin PBXGroup section */
		84F19C561AB13F2700C26B2E = {
			isa = PBXGroup;
			children = (
				84F19C611AB13F2700C26B2E /* PushDeom */,
				84F19C7B1AB13F2700C26B2E /* PushDeomTests */,
				84F19C601AB13F2700C26B2E /* Products */,
			);
			sourceTree = "<group>";
		};
		84F19C601AB13F2700C26B2E /* Products */ = {
			isa = PBXGroup;
			children = (
				84F19C5F1AB13F2700C26B2E /* PushDeom.app */,
				84F19C781AB13F2700C26B2E /* PushDeomTests.xctest */,
			);
			name = Products;
			sourceTree = "<group>";
		};
		84F19C611AB13F2700C26B2E /* PushDeom */ = {
			isa = PBXGroup;
			children = (
				84F19C661AB13F2700C26B2E /* AppDelegate.h */,
				84F19C671AB13F2700C26B2E /* AppDelegate.m */,
				84F19C6C1AB13F2700C26B2E /* ViewController.h */,
				84F19C6D1AB13F2700C26B2E /* ViewController.m */,
				84F19C6F1AB13F2700C26B2E /* Images.xcassets */,
				84F19C711AB13F2700C26B2E /* LaunchScreen.xib */,
				84F19C691AB13F2700C26B2E /* PushDeom.xcdatamodeld */,
				84F19C621AB13F2700C26B2E /* Supporting Files */,
			);
			path = PushDeom;
			sourceTree = "<group>";
		};
		84F19C621AB13F2700C26B2E /* Supporting Files */ = {
			isa = PBXGroup;
			children = (
				84F19C631AB13F2700C26B2E /* Info.plist */,
				84F19C641AB13F2700C26B2E /* main.m */,
			);
			name = "Supporting Files";
			sourceTree = "<group>";
		};
		84F19C7B1AB13F2700C26B2E /* PushDeomTests */ = {
			isa = PBXGroup;
			children = (
				84F19C7E1AB13F2700C26B2E /* PushDeomTests.m */,
				84F19C7C1AB13F2700C26B2E /* Supporting Files */,
			);
			path = PushDeomTests;
			sourceTree = "<group>";
		};
		84F19C7C1AB13F2700C26B2E /* Supporting Files */ = {
			isa = PBXGroup;
			children = (
				84F19C7D1AB13F2700C26B2E /* Info.plist */,
			);
			name = "Supporting Files";
			sourceTree = "<group>";
		};
/* End PBXGroup section */

/* Begin PBXNativeTarget section */
		84F19C5E1AB13F2700C26B2E /* PushDeom */ = {
			isa = PBXNativeTarget;
			buildConfigurationList = 84F19C821AB13F2700C26B2E /* Build configuration list for PBXNativeTarget "PushDeom" */;
			buildPhases = (
				84F19C5B1AB13F2700C26B2E /* Sources */,
				84F19C5C1AB13F2700C26B2E /* Frameworks */,
				84F19C5D1AB13F2700C26B2E /* Resources */,
			);
			buildRules = (
			);
			dependencies = (
			);
			name = PushDeom;
			productName = PushDeom;
			productReference = 84F19C5F1AB13F2700C26B2E /* PushDeom.app */;
			productType = "com.apple.product-type.application";
		};
		84F19C771AB13F2700C26B2E /* PushDeomTests */ = {
			isa = PBXNativeTarget;
			buildConfigurationList = 84F19C851AB13F2700C26B2E /* Build configuration list for PBXNativeTarget "PushDeomTests" */;
			buildPhases = (
				84F19C741AB13F2700C26B2E /* Sources */,
				84F19C751AB13F2700C26B2E /* Frameworks */,
				84F19C761AB13F2700C26B2E /* Resources */,
			);
			buildRules = (
			);
			dependencies = (
				84F19C7A1AB13F2700C26B2E /* PBXTargetDependency */,
			);
			name = PushDeomTests;
			productName = PushDeomTests;
			productReference = 84F19C781AB13F2700C26B2E /* PushDeomTests.xctest */;
			productType = "com.apple.product-type.bundle.unit-test";
		};
/* End PBXNativeTarget section */

/* Begin PBXProject section */
		84F19C571AB13F2700C26B2E /* Project object */ = {
			isa = PBXProject;
			attributes = {
				LastUpgradeCheck = 0600;
				ORGANIZATIONNAME = "博文卡特";
				TargetAttributes = {
					84F19C5E1AB13F2700C26B2E = {
						CreatedOnToolsVersion = 6.0;
					};
					84F19C771AB13F2700C26B2E = {
						CreatedOnToolsVersion = 6.0;
						TestTargetID = 84F19C5E1AB13F2700C26B2E;
					};
				};
			};
			buildConfigurationList = 84F19C5A1AB13F2700C26B2E /* Build configuration list for PBXProject "PushDeom" */;
			compatibilityVersion = "Xcode 3.2";
			developmentRegion = English;
			hasScannedForEncodings = 0;
			knownRegions = (
				en,
				Base,
			);
			mainGroup = 84F19C561AB13F2700C26B2E;
			productRefGroup = 84F19C601AB13F2700C26B2E /* Products */;
			projectDirPath = "";
			projectRoot = "";
			targets = (
				84F19C5E1AB13F2700C26B2E /* PushDeom */,
				84F19C771AB13F2700C26B2E /* PushDeomTests */,
			);
		};
/* End PBXProject section */

/* Begin PBXResourcesBuildPhase section */
		84F19C5D1AB13F2700C26B2E /* Resources */ = {
			isa = PBXResourcesBuildPhase;
			buildActionMask = 2147483647;
			files = (
				84F19C731AB13F2700C26B2E /* LaunchScreen.xib in Resources */,
				84F19C701AB13F2700C26B2E /* Images.xcassets in Resources */,
			);
			runOnlyForDeploymentPostprocessing = 0;
		};
		84F19C761AB13F2700C26B2E /* Resources */ = {
			isa = PBXResourcesBuildPhase;
			buildActionMask = 2147483647;
			files = (
			);
			runOnlyForDeploymentPostprocessing = 0;
		};
/* End PBXResourcesBuildPhase section */

/* Begin PBXSourcesBuildPhase section */
		84F19C5B1AB13F2700C26B2E /* Sources */ = {
			isa = PBXSourcesBuildPhase;
			buildActionMask = 2147483647;
			files = (
				84F19C6B1AB13F2700C26B2E /* PushDeom.xcdatamodeld in Sources */,
				84F19C681AB13F2700C26B2E /* AppDelegate.m in Sources */,
				84F19C6E1AB13F2700C26B2E /* ViewController.m in Sources */,
				84F19C651AB13F2700C26B2E /* main.m in Sources */,
			);
			runOnlyForDeploymentPostprocessing = 0;
		};
		84F19C741AB13F2700C26B2E /* Sources */ = {
			isa = PBXSourcesBuildPhase;
			buildActionMask = 2147483647;
			files = (
				84F19C7F1AB13F2700C26B2E /* PushDeomTests.m in Sources */,
			);
			runOnlyForDeploymentPostprocessing = 0;
		};
/* End PBXSourcesBuildPhase section */

/* Begin PBXTargetDependency section */
		84F19C7A1AB13F2700C26B2E /* PBXTargetDependency */ = {
			isa = PBXTargetDependency;
			target = 84F19C5E1AB13F2700C26B2E /* PushDeom */;
			targetProxy = 84F19C791AB13F2700C26B2E /* PBXContainerItemProxy */;
		};
/* End PBXTargetDependency section */

/* Begin PBXVariantGroup section */
		84F19C711AB13F2700C26B2E /* LaunchScreen.xib */ = {
			isa = PBXVariantGroup;
			children = (
				84F19C721AB13F2700C26B2E /* Base */,
			);
			name = LaunchScreen.xib;
			sourceTree = "<group>";
		};
/* End PBXVariantGroup section */

/* Begin XCBuildConfiguration section */
		84F19C801AB13F2700C26B2E /* Debug */ = {
			isa = XCBuildConfiguration;
			buildSettings = {
				ALWAYS_SEARCH_USER_PATHS = NO;
				CLANG_CXX_LANGUAGE_STANDARD = "gnu++0x";
				CLANG_CXX_LIBRARY = "libc++";
				CLANG_ENABLE_MODULES = YES;
				CLANG_ENABLE_OBJC_ARC = YES;
				CLANG_WARN_BOOL_CONVERSION = YES;
				CLANG_WARN_CONSTANT_CONVERSION = YES;
				CLANG_WARN_DIRECT_OBJC_ISA_USAGE = YES_ERROR;
				CLANG_WARN_EMPTY_BODY = YES;
				CLANG_WARN_ENUM_CONVERSION = YES;
				CLANG_WARN_INT_CONVERSION = YES;
				CLANG_WARN_OBJC_ROOT_CLASS = YES_ERROR;
				CLANG_WARN_UNREACHABLE_CODE = YES;
				CLANG_WARN__DUPLICATE_METHOD_MATCH = YES;
				"CODE_SIGN_IDENTITY[sdk=iphoneos*]" = "iPhone Developer";
				COPY_PHASE_STRIP = NO;
				ENABLE_STRICT_OBJC_MSGSEND = YES;
				GCC_C_LANGUAGE_STANDARD = gnu99;
				GCC_DYNAMIC_NO_PIC = NO;
				GCC_OPTIMIZATION_LEVEL = 0;
				GCC_PREPROCESSOR_DEFINITIONS = (
					"DEBUG=1",
					"$(inherited)",
				);
				GCC_SYMBOLS_PRIVATE_EXTERN = NO;
				GCC_WARN_64_TO_32_BIT_CONVERSION = YES;
				GCC_WARN_ABOUT_RETURN_TYPE = YES_ERROR;
				GCC_WARN_UNDECLARED_SELECTOR = YES;
				GCC_WARN_UNINITIALIZED_AUTOS = YES_AGGRESSIVE;
				GCC_WARN_UNUSED_FUNCTION = YES;
				GCC_WARN_UNUSED_VARIABLE = YES;
				IPHONEOS_DEPLOYMENT_TARGET = 8.0;
				MTL_ENABLE_DEBUG_INFO = YES;
				ONLY_ACTIVE_ARCH = YES;
				SDKROOT = iphoneos;
			};
			name = Debug;
		};
		84F19C811AB13F2700C26B2E /* Release */ = {
			isa = XCBuildConfiguration;
			buildSettings = {
				ALWAYS_SEARCH_USER_PATHS = NO;
				CLANG_CXX_LANGUAGE_STANDARD = "gnu++0x";
				CLANG_CXX_LIBRARY = "libc++";
				CLANG_ENABLE_MODULES = YES;
				CLANG_ENABLE_OBJC_ARC = YES;
				CLANG_WARN_BOOL_CONVERSION = YES;
				CLANG_WARN_CONSTANT_CONVERSION = YES;
				CLANG_WARN_DIRECT_OBJC_ISA_USAGE = YES_ERROR;
				CLANG_WARN_EMPTY_BODY = YES;
				CLANG_WARN_ENUM_CONVERSION = YES;
				CLANG_WARN_INT_CONVERSION = YES;
				CLANG_WARN_OBJC_ROOT_CLASS = YES_ERROR;
				CLANG_WARN_UNREACHABLE_CODE = YES;
				CLANG_WARN__DUPLICATE_METHOD_MATCH = YES;
				"CODE_SIGN_IDENTITY[sdk=iphoneos*]" = "iPhone Developer";
				COPY_PHASE_STRIP = YES;
				ENABLE_NS_ASSERTIONS = NO;
				ENABLE_STRICT_OBJC_MSGSEND = YES;
				GCC_C_LANGUAGE_STANDARD = gnu99;
				GCC_WARN_64_TO_32_BIT_CONVERSION = YES;
				GCC_WARN_ABOUT_RETURN_TYPE = YES_ERROR;
				GCC_WARN_UNDECLARED_SELECTOR = YES;
				GCC_WARN_UNINITIALIZED_AUTOS = YES_AGGRESSIVE;
				GCC_WARN_UNUSED_FUNCTION = YES;
				GCC_WARN_UNUSED_VARIABLE = YES;
				IPHONEOS_DEPLOYMENT_TARGET = 8.0;
				MTL_ENABLE_DEBUG_INFO = NO;
				SDKROOT = iphoneos;
				VALIDATE_PRODUCT = YES;
			};
			name = Release;
		};
		84F19C831AB13F2700C26B2E /* Debug */ = {
			isa = XCBuildConfiguration;
			buildSettings = {
				ASSETCATALOG_COMPILER_APPICON_NAME = AppIcon;
				INFOPLIST_FILE = PushDeom/Info.plist;
				LD_RUNPATH_SEARCH_PATHS = "$(inherited) @executable_path/Frameworks";
				PRODUCT_NAME = "$(TARGET_NAME)";
			};
			name = Debug;
		};
		84F19C841AB13F2700C26B2E /* Release */ = {
			isa = XCBuildConfiguration;
			buildSettings = {
				ASSETCATALOG_COMPILER_APPICON_NAME = AppIcon;
				INFOPLIST_FILE = PushDeom/Info.plist;
				LD_RUNPATH_SEARCH_PATHS = "$(inherited) @executable_path/Frameworks";
				PRODUCT_NAME = "$(TARGET_NAME)";
			};
			name = Release;
		};
		84F19C861AB13F2700C26B2E /* Debug */ = {
			isa = XCBuildConfiguration;
			buildSettings = {
				BUNDLE_LOADER = "$(TEST_HOST)";
				FRAMEWORK_SEARCH_PATHS = (
					"$(SDKROOT)/Developer/Library/Frameworks",
					"$(inherited)",
				);
				GCC_PREPROCESSOR_DEFINITIONS = (
					"DEBUG=1",
					"$(inherited)",
				);
				INFOPLIST_FILE = PushDeomTests/Info.plist;
				LD_RUNPATH_SEARCH_PATHS = "$(inherited) @executable_path/Frameworks @loader_path/Frameworks";
				PRODUCT_NAME = "$(TARGET_NAME)";
				TEST_HOST = "$(BUILT_PRODUCTS_DIR)/PushDeom.app/PushDeom";
			};
			name = Debug;
		};
		84F19C871AB13F2700C26B2E /* Release */ = {
			isa = XCBuildConfiguration;
			buildSettings = {
				BUNDLE_LOADER = "$(TEST_HOST)";
				FRAMEWORK_SEARCH_PATHS = (
					"$(SDKROOT)/Developer/Library/Frameworks",
					"$(inherited)",
				);
				INFOPLIST_FILE = PushDeomTests/Info.plist;
				LD_RUNPATH_SEARCH_PATHS = "$(inherited) @executable_path/Frameworks @loader_path/Frameworks";
				PRODUCT_NAME = "$(TARGET_NAME)";
				TEST_HOST = "$(BUILT_PRODUCTS_DIR)/PushDeom.app/PushDeom";
			};
			name = Release;
		};
/* End XCBuildConfiguration section */

/* Begin XCConfigurationList section */
		84F19C5A1AB13F2700C26B2E /* Build configuration list for PBXProject "PushDeom" */ = {
			isa = XCConfigurationList;
			buildConfigurations = (
				84F19C801AB13F2700C26B2E /* Debug */,
				84F19C811AB13F2700C26B2E /* Release */,
			);
			defaultConfigurationIsVisible = 0;
			defaultConfigurationName = Release;
		};
		84F19C821AB13F2700C26B2E /* Build configuration list for PBXNativeTarget "PushDeom" */ = {
			isa = XCConfigurationList;
			buildConfigurations = (
				84F19C831AB13F2700C26B2E /* Debug */,
				84F19C841AB13F2700C26B2E /* Release */,
			);
			defaultConfigurationIsVisible = 0;
		};
		84F19C851AB13F2700C26B2E /* Build configuration list for PBXNativeTarget "PushDeomTests" */ = {
			isa = XCConfigurationList;
			buildConfigurations = (
				84F19C861AB13F2700C26B2E /* Debug */,
				84F19C871AB13F2700C26B2E /* Release */,
			);
			defaultConfigurationIsVisible = 0;
		};
/* End XCConfigurationList section */

/* Begin XCVersionGroup section */
		84F19C691AB13F2700C26B2E /* PushDeom.xcdatamodeld */ = {
			isa = XCVersionGroup;
			children = (
				84F19C6A1AB13F2700C26B2E /* PushDeom.xcdatamodel */,
			);
			currentVersion = 84F19C6A1AB13F2700C26B2E /* PushDeom.xcdatamodel */;
			path = PushDeom.xcdatamodeld;
			sourceTree = "<group>";
			versionGroupType = wrapper.xcdatamodel;
		};
/* End XCVersionGroup section */
	};
	rootObject = 84F19C571AB13F2700C26B2E /* Project object */;
}
